
Microsoft Visual Studio Solution File, Format Version 12.00
# Visual Studio Version 17
VisualStudioVersion = 17.3.32922.545
MinimumVisualStudioVersion = 10.0.40219.1
Project("{FAE04EC0-301F-11D3-BF4B-00C04F79EFBC}") = "diplom", "diplom.csproj", "{C50B217C-EDF0-49BB-B581-6760500CA891}"
EndProject
Global
	GlobalSection(SolutionConfigurationPlatforms) = preSolution
		Debug|Any CPU = Debug|Any CPU
		Release|Any CPU = Release|Any CPU
	EndGlobalSection
	GlobalSection(ProjectConfigurationPlatforms) = postSolution
		{C50B217C-EDF0-49BB-B581-6760500CA891}.Debug|Any CPU.ActiveCfg = Debug|Any CPU
		{C50B217C-EDF0-49BB-B581-6760500CA891}.Debug|Any CPU.Build.0 = Debug|Any CPU
		{C50B217C-EDF0-49BB-B581-6760500CA891}.Release|Any CPU.ActiveCfg = Release|Any CPU
		{C50B217C-EDF0-49BB-B581-6760500CA891}.Release|Any CPU.Build.0 = Release|Any CPU
	EndGlobalSection
	GlobalSection(SolutionProperties) = preSolution
		HideSolutionNode = FALSE
	EndGlobalSection
	GlobalSection(ExtensibilityGlobals) = postSolution
		SolutionGuid = {EBCF95DE-EE7E-48B4-B06C-0CC81990AEA3}
	EndGlobalSection
EndGlobal
